
Microsoft Visual Studio Solution File, Format Version 12.00
# Visual Studio Version 18
VisualStudioVersion = 18.1.11312.151 d18.0
MinimumVisualStudioVersion = 10.0.40219.1
Project("{2150E333-8FDC-42A3-9474-1A3956D46DE8}") = "src", "src", "{02EA681E-C7D8-13C7-8484-4AC65E1B71E8}"
EndProject
Project("{2150E333-8FDC-42A3-9474-1A3956D46DE8}") = "Core", "Core", "{2F1D2C81-763B-4C29-B9ED-24F75127A165}"
EndProject
Project("{2150E333-8FDC-42A3-9474-1A3956D46DE8}") = "External", "External", "{42FBC7B4-43C6-43F0-A341-2EDC7B34AACA}"
EndProject
Project("{2150E333-8FDC-42A3-9474-1A3956D46DE8}") = "Application", "Application", "{D3F6DE4C-9C87-459F-8035-2C53E21D7487}"
EndProject
Project("{2150E333-8FDC-42A3-9474-1A3956D46DE8}") = "Domain", "Domain", "{D766B7E5-20AE-4269-B36A-B1DA570EBADE}"
EndProject
Project("{2150E333-8FDC-42A3-9474-1A3956D46DE8}") = "Infrastructure", "Infrastructure", "{D613ACCD-CE1C-43CD-9FF6-20C942BA4503}"
EndProject
Project("{2150E333-8FDC-42A3-9474-1A3956D46DE8}") = "Presentation", "Presentation", "{1AC57226-BF08-48C2-B238-66CDAC18874F}"
EndProject
Project("{FAE04EC0-301F-11D3-BF4B-00C04F79EFBC}") = "FDAAPI.Presentation.FastEndpointBasedApi", "src\External\Presentation\FDAAPI.Presentation.FastEndpointBasedApi\FDAAPI.Presentation.FastEndpointBasedApi.csproj", "{539FB70A-F569-47B5-8D45-309D75322DC8}"
EndProject
Project("{FAE04EC0-301F-11D3-BF4B-00C04F79EFBC}") = "FDAAPI.App.Common", "src\Core\Application\FDAAPI.App.Common\FDAAPI.App.Common.csproj", "{FF0960B1-82AB-4E45-AFF8-B7EED98CF24C}"
EndProject
Project("{FAE04EC0-301F-11D3-BF4B-00C04F79EFBC}") = "FDAAPI.Domain.RelationalDb", "src\Core\Domain\FDAAPI.Domain.RelationalDb\FDAAPI.Domain.RelationalDb.csproj", "{12345678-1234-1234-1234-123456789012}"
EndProject
Project("{2150E333-8FDC-42A3-9474-1A3956D46DE8}") = "Common", "Common", "{E7F8A9B0-1122-3344-5566-778899AABBCC}"
EndProject
Project("{FAE04EC0-301F-11D3-BF4B-00C04F79EFBC}") = "FDAAPI.Infra.Configuration", "src\External\Infrastructure\Common\FDAAPI.Infra.Configuration\FDAAPI.Infra.Configuration.csproj", "{23456789-2345-2345-2345-234567890123}"
EndProject
Project("{2150E333-8FDC-42A3-9474-1A3956D46DE8}") = "SensorReading", "SensorReading", "{A69954E8-6C49-4091-BFF1-EFFCB0C14A99}"
EndProject
Project("{2150E333-8FDC-42A3-9474-1A3956D46DE8}") = "Persistence", "Persistence", "{B67BAC26-7232-ADE6-6816-8803F753A1BF}"
EndProject
Project("{FAE04EC0-301F-11D3-BF4B-00C04F79EFBC}") = "FDAAPI.Infra.Persistence", "src\External\Infrastructure\Persistence\FDAAPI.Infra.Persistence\FDAAPI.Infra.Persistence.csproj", "{CA3D98E8-9765-4E83-AFC2-CCD9DA713586}"
EndProject
Project("{2150E333-8FDC-42A3-9474-1A3956D46DE8}") = "Services", "Services", "{78F67BB0-04CB-4A99-8F09-66A8A4927867}"
EndProject
Project("{FAE04EC0-301F-11D3-BF4B-00C04F79EFBC}") = "FDAAPI.Infra.Services", "src\External\Infrastructure\Services\FDAAPI.Infra.Services\FDAAPI.Infra.Services.csproj", "{AE3733CB-83EB-7342-C0CF-04FC4DBF8F24}"
EndProject
Project("{2150E333-8FDC-42A3-9474-1A3956D46DE8}") = "Auth", "Auth", "{A7C54B33-65D7-4094-95D4-0AACCD8206D2}"
EndProject
Project("{2150E333-8FDC-42A3-9474-1A3956D46DE8}") = "Security", "Security", "{D4D9F1FD-6F85-4724-997A-E207998905A8}"
EndProject
Project("{2150E333-8FDC-42A3-9474-1A3956D46DE8}") = "Admin", "Admin", "{3CF96610-67F1-4299-B6FD-A4EA99110A33}"
EndProject
Project("{FAE04EC0-301F-11D3-BF4B-00C04F79EFBC}") = "FDAAPI.App.FeatG9_AuthLogout", "src\Core\Application\FDAAPI.App.FeatG9_AuthLogout\FDAAPI.App.FeatG9_AuthLogout.csproj", "{2EC9D921-6F90-1F56-A9D1-FA126F79BE3A}"
EndProject
Project("{FAE04EC0-301F-11D3-BF4B-00C04F79EFBC}") = "FDAAPI.App.FeatG10_AuthChangePassword", "src\Core\Application\FDAAPI.App.FeatG10_AuthChangePassword\FDAAPI.App.FeatG10_AuthChangePassword.csproj", "{6B93A687-12FA-024C-4D96-2AA1FE52EE2C}"
EndProject
Project("{FAE04EC0-301F-11D3-BF4B-00C04F79EFBC}") = "FDAAPI.App.FeatG11_AuthSetPassword", "src\Core\Application\FDAAPI.App.FeatG11_AuthSetPassword\FDAAPI.App.FeatG11_AuthSetPassword.csproj", "{9CC075BE-5429-8867-A8BF-4F8E17525805}"
EndProject
Project("{FAE04EC0-301F-11D3-BF4B-00C04F79EFBC}") = "FDAAPI.App.FeatG12_AuthGoogleLoginInitiate", "src\Core\Application\FDAAPI.App.FeatG12_AuthGoogleLoginInitiate\FDAAPI.App.FeatG12_AuthGoogleLoginInitiate.csproj", "{08D7A837-7A01-A83E-DCCF-5A6F18B7A325}"
EndProject
Project("{FAE04EC0-301F-11D3-BF4B-00C04F79EFBC}") = "FDAAPI.App.FeatG13_AuthGoogleOAuthCallback", "src\Core\Application\FDAAPI.App.FeatG13_AuthGoogleOAuthCallback\FDAAPI.App.FeatG13_AuthGoogleOAuthCallback.csproj", "{7BC2D3C4-0DAE-D812-867D-B836E4F7B1FD}"
EndProject
Project("{FAE04EC0-301F-11D3-BF4B-00C04F79EFBC}") = "FDAAPI.App.FeatG14_ProfileGet", "src\Core\Application\FDAAPI.App.FeatG14_ProfileGet\FDAAPI.App.FeatG14_ProfileGet.csproj", "{2AEA9634-932F-D9BE-0180-C6A80B34979E}"
EndProject
Project("{FAE04EC0-301F-11D3-BF4B-00C04F79EFBC}") = "FDAAPI.App.FeatG15_ProfileUpdate", "src\Core\Application\FDAAPI.App.FeatG15_ProfileUpdate\FDAAPI.App.FeatG15_ProfileUpdate.csproj", "{B04E3315-FD7F-39A8-C4F8-28ACC5AEE2AC}"
EndProject
Project("{FAE04EC0-301F-11D3-BF4B-00C04F79EFBC}") = "FDAAPI.App.FeatG16_AuthGoogleMobileLogin", "src\Core\Application\FDAAPI.App.FeatG16_AuthGoogleMobileLogin\FDAAPI.App.FeatG16_AuthGoogleMobileLogin.csproj", "{ABA36C4A-18C0-9413-B8A1-EB238354018E}"
EndProject
Project("{FAE04EC0-301F-11D3-BF4B-00C04F79EFBC}") = "FDAAPI.App.FeatG17_AuthCheckIdentifier", "src\Core\Application\FDAAPI.App.FeatG17_AuthCheckIdentifier\FDAAPI.App.FeatG17_AuthCheckIdentifier.csproj", "{A28654DC-A3D6-3BB4-0C9D-BF78787A2E00}"
EndProject
Project("{FAE04EC0-301F-11D3-BF4B-00C04F79EFBC}") = "FDAAPI.App.FeatG18_MediaUploadImage", "src\Core\Application\FDAAPI.App.FeatG18_MediaUploadImage\FDAAPI.App.FeatG18_MediaUploadImage.csproj", "{849321E5-EC2E-5CF5-E2CE-B23361AF0DCB}"
EndProject
Project("{FAE04EC0-301F-11D3-BF4B-00C04F79EFBC}") = "FDAAPI.App.FeatG19_ProfileVerifyUpdatePhone", "src\Core\Application\FDAAPI.App.FeatG19_ProfileVerifyUpdatePhone\FDAAPI.App.FeatG19_ProfileVerifyUpdatePhone.csproj", "{C35A5E69-B174-DF45-6440-992ADD0D6158}"
EndProject
Project("{FAE04EC0-301F-11D3-BF4B-00C04F79EFBC}") = "FDAAPI.App.FeatG1_SensorReadingCreate", "src\Core\Application\FDAAPI.App.FeatG1_WaterLevelCreate\FDAAPI.App.FeatG1_SensorReadingCreate.csproj", "{94432B4D-F902-F14C-3D89-13E9A5404992}"
EndProject
Project("{FAE04EC0-301F-11D3-BF4B-00C04F79EFBC}") = "FDAAPI.App.FeatG2_SensorReadingUpdate", "src\Core\Application\FDAAPI.App.FeatG2_WaterLevelUpdate\FDAAPI.App.FeatG2_SensorReadingUpdate.csproj", "{7FA734AA-A810-F27C-0EC1-8B6F3173553B}"
EndProject
Project("{FAE04EC0-301F-11D3-BF4B-00C04F79EFBC}") = "FDAAPI.App.FeatG3_SensorReadingGet", "src\Core\Application\FDAAPI.App.FeatG3_WaterLevelGet\FDAAPI.App.FeatG3_SensorReadingGet.csproj", "{90AB429A-CD7C-CCDB-2875-CF67A5C47B43}"
EndProject
Project("{FAE04EC0-301F-11D3-BF4B-00C04F79EFBC}") = "FDAAPI.App.FeatG4_SensorReadingDelete", "src\Core\Application\FDAAPI.App.FeatG4_WaterLevelDelete\FDAAPI.App.FeatG4_SensorReadingDelete.csproj", "{5AFADB3B-2281-23E9-BFAA-23DEF416151F}"
EndProject
Project("{FAE04EC0-301F-11D3-BF4B-00C04F79EFBC}") = "FDAAPI.App.FeatG6_AuthSendOtp", "src\Core\Application\FDAAPI.App.FeatG6_AuthSendOtp\FDAAPI.App.FeatG6_AuthSendOtp.csproj", "{2BD46CF1-3DA7-3BA2-1527-1CB585224AF1}"
EndProject
Project("{FAE04EC0-301F-11D3-BF4B-00C04F79EFBC}") = "FDAAPI.App.FeatG7_AuthLogin", "src\Core\Application\FDAAPI.App.FeatG7_AuthLogin\FDAAPI.App.FeatG7_AuthLogin.csproj", "{6B011821-8C90-C4C0-F479-C48E9F6FF944}"
EndProject
Project("{FAE04EC0-301F-11D3-BF4B-00C04F79EFBC}") = "FDAAPI.App.FeatG8_AuthRefreshToken", "src\Core\Application\FDAAPI.App.FeatG8_AuthRefreshToken\FDAAPI.App.FeatG8_AuthRefreshToken.csproj", "{82104083-9758-CED8-1369-9665AFDB0392}"
EndProject
Project("{2150E333-8FDC-42A3-9474-1A3956D46DE8}") = "Stations", "Stations", "{1069FF4D-55EA-4C17-9FB7-7960F2DF6E54}"
EndProject
Project("{FAE04EC0-301F-11D3-BF4B-00C04F79EFBC}") = "FDAAPI.App.FeatG20_UserCreate", "src\Core\Application\FDAAPI.App.FeatG20_UserCreate\FDAAPI.App.FeatG20_UserCreate.csproj", "{0733C6FD-8A12-DE4A-17A7-0F05F3EFD56E}"
EndProject
Project("{FAE04EC0-301F-11D3-BF4B-00C04F79EFBC}") = "FDAAPI.App.FeatG23_StationCreate", "src\Core\Application\FDAAPI.App.FeatG23_StationCreate\FDAAPI.App.FeatG23_StationCreate.csproj", "{CB9BF456-33DE-3376-FD6A-560EC66E9244}"
EndProject
Project("{FAE04EC0-301F-11D3-BF4B-00C04F79EFBC}") = "FDAAPI.App.FeatG24_StationUpdate", "src\Core\Application\FDAAPI.App.FeatG24_StationUpdate\FDAAPI.App.FeatG24_StationUpdate.csproj", "{C12D3887-D3EA-3663-3AC0-12FF3494441F}"
EndProject
Project("{FAE04EC0-301F-11D3-BF4B-00C04F79EFBC}") = "FDAAPI.App.FeatG25_StationList", "src\Core\Application\FDAAPI.App.FeatG25_StationList\FDAAPI.App.FeatG25_StationList.csproj", "{521A2D84-6BD6-4E19-F10E-CA5A2DC647A1}"
EndProject
Project("{FAE04EC0-301F-11D3-BF4B-00C04F79EFBC}") = "FDAAPI.App.FeatG26_StationGet", "src\Core\Application\FDAAPI.App.FeatG26_StationGet\FDAAPI.App.FeatG26_StationGet.csproj", "{2998D356-3BC9-C9AA-6156-DB04BDE5420E}"
EndProject
Project("{FAE04EC0-301F-11D3-BF4B-00C04F79EFBC}") = "FDAAPI.App.FeatG27_StationDelete", "src\Core\Application\FDAAPI.App.FeatG27_StationDelete\FDAAPI.App.FeatG27_StationDelete.csproj", "{66149225-2FDF-A711-C6C5-C934738C5E90}"
EndProject
Project("{FAE04EC0-301F-11D3-BF4B-00C04F79EFBC}") = "FDAAPI.App.FeatG21_UserList", "src\Core\Application\FDAAPI.App.FeatG21_UserList\FDAAPI.App.FeatG21_UserList.csproj", "{B8E84033-6CFC-0A89-68F5-2752DFBE2A15}"
EndProject
Project("{FAE04EC0-301F-11D3-BF4B-00C04F79EFBC}") = "FDAAPI.App.FeatG22_UserUpdate", "src\Core\Application\FDAAPI.App.FeatG22_UserUpdate\FDAAPI.App.FeatG22_UserUpdate.csproj", "{8F1779F9-71DF-8C62-3DFE-3047D0250453}"
EndProject
Project("{2150E333-8FDC-42A3-9474-1A3956D46DE8}") = "Test", "Test", "{0AB3BF05-4346-4AA6-1389-037BE0695223}"
EndProject
Project("{FAE04EC0-301F-11D3-BF4B-00C04F79EFBC}") = "FDAAPI.Test", "src\Tests\FDAAPI.Test\FDAAPI.Test.csproj", "{667756F4-0796-BAEC-8363-5DC50A0DE698}"
EndProject
Project("{2150E333-8FDC-42A3-9474-1A3956D46DE8}") = "MapLayers", "MapLayers", "{0E7535A5-DFF2-4DCB-9534-FB888B85DA6E}"
EndProject
Project("{FAE04EC0-301F-11D3-BF4B-00C04F79EFBC}") = "FDAAPI.App.FeatG28_GetMapPreferences", "src\Core\Application\FDAAPI.App.FeatG28_GetMapPreferences\FDAAPI.App.FeatG28_GetMapPreferences.csproj", "{BACDBDF3-647B-43D7-A1F4-0903F28BE832}"
EndProject
Project("{FAE04EC0-301F-11D3-BF4B-00C04F79EFBC}") = "FDAAPI.App.FeatG29_UpdateMapPreferences", "src\Core\Application\FDAAPI.App.FeatG29_UpdateMapPreferences\FDAAPI.App.FeatG29_UpdateMapPreferences.csproj", "{42C3A7B2-1D8D-4FA5-9C9D-69933312236C}"
EndProject
Project("{FAE04EC0-301F-11D3-BF4B-00C04F79EFBC}") = "FDAAPI.App.FeatG30_GetFloodSeverityLayer", "src\Core\Application\FDAAPI.App.FeatG30_GetFloodSeverityLayer\FDAAPI.App.FeatG30_GetFloodSeverityLayer.csproj", "{CCBB7325-1683-47BC-B6A4-8E80012EC201}"
EndProject
Global
	GlobalSection(SolutionConfigurationPlatforms) = preSolution
		Debug|Any CPU = Debug|Any CPU
		Debug|x64 = Debug|x64
		Debug|x86 = Debug|x86
		Release|Any CPU = Release|Any CPU
		Release|x64 = Release|x64
		Release|x86 = Release|x86
	EndGlobalSection
	GlobalSection(ProjectConfigurationPlatforms) = postSolution
		{539FB70A-F569-47B5-8D45-309D75322DC8}.Debug|Any CPU.ActiveCfg = Debug|Any CPU
		{539FB70A-F569-47B5-8D45-309D75322DC8}.Debug|Any CPU.Build.0 = Debug|Any CPU
		{539FB70A-F569-47B5-8D45-309D75322DC8}.Debug|x64.ActiveCfg = Debug|Any CPU
		{539FB70A-F569-47B5-8D45-309D75322DC8}.Debug|x64.Build.0 = Debug|Any CPU
		{539FB70A-F569-47B5-8D45-309D75322DC8}.Debug|x86.ActiveCfg = Debug|Any CPU
		{539FB70A-F569-47B5-8D45-309D75322DC8}.Debug|x86.Build.0 = Debug|Any CPU
		{539FB70A-F569-47B5-8D45-309D75322DC8}.Release|Any CPU.ActiveCfg = Release|Any CPU
		{539FB70A-F569-47B5-8D45-309D75322DC8}.Release|Any CPU.Build.0 = Release|Any CPU
		{539FB70A-F569-47B5-8D45-309D75322DC8}.Release|x64.ActiveCfg = Release|Any CPU
		{539FB70A-F569-47B5-8D45-309D75322DC8}.Release|x64.Build.0 = Release|Any CPU
		{539FB70A-F569-47B5-8D45-309D75322DC8}.Release|x86.ActiveCfg = Release|Any CPU
		{539FB70A-F569-47B5-8D45-309D75322DC8}.Release|x86.Build.0 = Release|Any CPU
		{FF0960B1-82AB-4E45-AFF8-B7EED98CF24C}.Debug|Any CPU.ActiveCfg = Debug|Any CPU
		{FF0960B1-82AB-4E45-AFF8-B7EED98CF24C}.Debug|Any CPU.Build.0 = Debug|Any CPU
		{FF0960B1-82AB-4E45-AFF8-B7EED98CF24C}.Debug|x64.ActiveCfg = Debug|Any CPU
		{FF0960B1-82AB-4E45-AFF8-B7EED98CF24C}.Debug|x64.Build.0 = Debug|Any CPU
		{FF0960B1-82AB-4E45-AFF8-B7EED98CF24C}.Debug|x86.ActiveCfg = Debug|Any CPU
		{FF0960B1-82AB-4E45-AFF8-B7EED98CF24C}.Debug|x86.Build.0 = Debug|Any CPU
		{FF0960B1-82AB-4E45-AFF8-B7EED98CF24C}.Release|Any CPU.ActiveCfg = Release|Any CPU
		{FF0960B1-82AB-4E45-AFF8-B7EED98CF24C}.Release|Any CPU.Build.0 = Release|Any CPU
		{FF0960B1-82AB-4E45-AFF8-B7EED98CF24C}.Release|x64.ActiveCfg = Release|Any CPU
		{FF0960B1-82AB-4E45-AFF8-B7EED98CF24C}.Release|x64.Build.0 = Release|Any CPU
		{FF0960B1-82AB-4E45-AFF8-B7EED98CF24C}.Release|x86.ActiveCfg = Release|Any CPU
		{FF0960B1-82AB-4E45-AFF8-B7EED98CF24C}.Release|x86.Build.0 = Release|Any CPU
		{12345678-1234-1234-1234-123456789012}.Debug|Any CPU.ActiveCfg = Debug|Any CPU
		{12345678-1234-1234-1234-123456789012}.Debug|Any CPU.Build.0 = Debug|Any CPU
		{12345678-1234-1234-1234-123456789012}.Debug|x64.ActiveCfg = Debug|Any CPU
		{12345678-1234-1234-1234-123456789012}.Debug|x64.Build.0 = Debug|Any CPU
		{12345678-1234-1234-1234-123456789012}.Debug|x86.ActiveCfg = Debug|Any CPU
		{12345678-1234-1234-1234-123456789012}.Debug|x86.Build.0 = Debug|Any CPU
		{12345678-1234-1234-1234-123456789012}.Release|Any CPU.ActiveCfg = Release|Any CPU
		{12345678-1234-1234-1234-123456789012}.Release|Any CPU.Build.0 = Release|Any CPU
		{12345678-1234-1234-1234-123456789012}.Release|x64.ActiveCfg = Release|Any CPU
		{12345678-1234-1234-1234-123456789012}.Release|x64.Build.0 = Release|Any CPU
		{12345678-1234-1234-1234-123456789012}.Release|x86.ActiveCfg = Release|Any CPU
		{12345678-1234-1234-1234-123456789012}.Release|x86.Build.0 = Release|Any CPU
		{23456789-2345-2345-2345-234567890123}.Debug|Any CPU.ActiveCfg = Debug|Any CPU
		{23456789-2345-2345-2345-234567890123}.Debug|Any CPU.Build.0 = Debug|Any CPU
		{23456789-2345-2345-2345-234567890123}.Debug|x64.ActiveCfg = Debug|Any CPU
		{23456789-2345-2345-2345-234567890123}.Debug|x64.Build.0 = Debug|Any CPU
		{23456789-2345-2345-2345-234567890123}.Debug|x86.ActiveCfg = Debug|Any CPU
		{23456789-2345-2345-2345-234567890123}.Debug|x86.Build.0 = Debug|Any CPU
		{23456789-2345-2345-2345-234567890123}.Release|Any CPU.ActiveCfg = Release|Any CPU
		{23456789-2345-2345-2345-234567890123}.Release|Any CPU.Build.0 = Release|Any CPU
		{23456789-2345-2345-2345-234567890123}.Release|x64.ActiveCfg = Release|Any CPU
		{23456789-2345-2345-2345-234567890123}.Release|x64.Build.0 = Release|Any CPU
		{23456789-2345-2345-2345-234567890123}.Release|x86.ActiveCfg = Release|Any CPU
		{23456789-2345-2345-2345-234567890123}.Release|x86.Build.0 = Release|Any CPU
		{CA3D98E8-9765-4E83-AFC2-CCD9DA713586}.Debug|Any CPU.ActiveCfg = Debug|Any CPU
		{CA3D98E8-9765-4E83-AFC2-CCD9DA713586}.Debug|Any CPU.Build.0 = Debug|Any CPU
		{CA3D98E8-9765-4E83-AFC2-CCD9DA713586}.Debug|x64.ActiveCfg = Debug|Any CPU
		{CA3D98E8-9765-4E83-AFC2-CCD9DA713586}.Debug|x64.Build.0 = Debug|Any CPU
		{CA3D98E8-9765-4E83-AFC2-CCD9DA713586}.Debug|x86.ActiveCfg = Debug|Any CPU
		{CA3D98E8-9765-4E83-AFC2-CCD9DA713586}.Debug|x86.Build.0 = Debug|Any CPU
		{CA3D98E8-9765-4E83-AFC2-CCD9DA713586}.Release|Any CPU.ActiveCfg = Release|Any CPU
		{CA3D98E8-9765-4E83-AFC2-CCD9DA713586}.Release|Any CPU.Build.0 = Release|Any CPU
		{CA3D98E8-9765-4E83-AFC2-CCD9DA713586}.Release|x64.ActiveCfg = Release|Any CPU
		{CA3D98E8-9765-4E83-AFC2-CCD9DA713586}.Release|x64.Build.0 = Release|Any CPU
		{CA3D98E8-9765-4E83-AFC2-CCD9DA713586}.Release|x86.ActiveCfg = Release|Any CPU
		{CA3D98E8-9765-4E83-AFC2-CCD9DA713586}.Release|x86.Build.0 = Release|Any CPU
		{AE3733CB-83EB-7342-C0CF-04FC4DBF8F24}.Debug|Any CPU.ActiveCfg = Debug|Any CPU
		{AE3733CB-83EB-7342-C0CF-04FC4DBF8F24}.Debug|Any CPU.Build.0 = Debug|Any CPU
		{AE3733CB-83EB-7342-C0CF-04FC4DBF8F24}.Debug|x64.ActiveCfg = Debug|Any CPU
		{AE3733CB-83EB-7342-C0CF-04FC4DBF8F24}.Debug|x64.Build.0 = Debug|Any CPU
		{AE3733CB-83EB-7342-C0CF-04FC4DBF8F24}.Debug|x86.ActiveCfg = Debug|Any CPU
		{AE3733CB-83EB-7342-C0CF-04FC4DBF8F24}.Debug|x86.Build.0 = Debug|Any CPU
		{AE3733CB-83EB-7342-C0CF-04FC4DBF8F24}.Release|Any CPU.ActiveCfg = Release|Any CPU
		{AE3733CB-83EB-7342-C0CF-04FC4DBF8F24}.Release|Any CPU.Build.0 = Release|Any CPU
		{AE3733CB-83EB-7342-C0CF-04FC4DBF8F24}.Release|x64.ActiveCfg = Release|Any CPU
		{AE3733CB-83EB-7342-C0CF-04FC4DBF8F24}.Release|x64.Build.0 = Release|Any CPU
		{AE3733CB-83EB-7342-C0CF-04FC4DBF8F24}.Release|x86.ActiveCfg = Release|Any CPU
		{AE3733CB-83EB-7342-C0CF-04FC4DBF8F24}.Release|x86.Build.0 = Release|Any CPU
		{2EC9D921-6F90-1F56-A9D1-FA126F79BE3A}.Debug|Any CPU.ActiveCfg = Debug|Any CPU
		{2EC9D921-6F90-1F56-A9D1-FA126F79BE3A}.Debug|Any CPU.Build.0 = Debug|Any CPU
		{2EC9D921-6F90-1F56-A9D1-FA126F79BE3A}.Debug|x64.ActiveCfg = Debug|Any CPU
		{2EC9D921-6F90-1F56-A9D1-FA126F79BE3A}.Debug|x64.Build.0 = Debug|Any CPU
		{2EC9D921-6F90-1F56-A9D1-FA126F79BE3A}.Debug|x86.ActiveCfg = Debug|Any CPU
		{2EC9D921-6F90-1F56-A9D1-FA126F79BE3A}.Debug|x86.Build.0 = Debug|Any CPU
		{2EC9D921-6F90-1F56-A9D1-FA126F79BE3A}.Release|Any CPU.ActiveCfg = Release|Any CPU
		{2EC9D921-6F90-1F56-A9D1-FA126F79BE3A}.Release|Any CPU.Build.0 = Release|Any CPU
		{2EC9D921-6F90-1F56-A9D1-FA126F79BE3A}.Release|x64.ActiveCfg = Release|Any CPU
		{2EC9D921-6F90-1F56-A9D1-FA126F79BE3A}.Release|x64.Build.0 = Release|Any CPU
		{2EC9D921-6F90-1F56-A9D1-FA126F79BE3A}.Release|x86.ActiveCfg = Release|Any CPU
		{2EC9D921-6F90-1F56-A9D1-FA126F79BE3A}.Release|x86.Build.0 = Release|Any CPU
		{6B93A687-12FA-024C-4D96-2AA1FE52EE2C}.Debug|Any CPU.ActiveCfg = Debug|Any CPU
		{6B93A687-12FA-024C-4D96-2AA1FE52EE2C}.Debug|Any CPU.Build.0 = Debug|Any CPU
		{6B93A687-12FA-024C-4D96-2AA1FE52EE2C}.Debug|x64.ActiveCfg = Debug|Any CPU
		{6B93A687-12FA-024C-4D96-2AA1FE52EE2C}.Debug|x64.Build.0 = Debug|Any CPU
		{6B93A687-12FA-024C-4D96-2AA1FE52EE2C}.Debug|x86.ActiveCfg = Debug|Any CPU
		{6B93A687-12FA-024C-4D96-2AA1FE52EE2C}.Debug|x86.Build.0 = Debug|Any CPU
		{6B93A687-12FA-024C-4D96-2AA1FE52EE2C}.Release|Any CPU.ActiveCfg = Release|Any CPU
		{6B93A687-12FA-024C-4D96-2AA1FE52EE2C}.Release|Any CPU.Build.0 = Release|Any CPU
		{6B93A687-12FA-024C-4D96-2AA1FE52EE2C}.Release|x64.ActiveCfg = Release|Any CPU
		{6B93A687-12FA-024C-4D96-2AA1FE52EE2C}.Release|x64.Build.0 = Release|Any CPU
		{6B93A687-12FA-024C-4D96-2AA1FE52EE2C}.Release|x86.ActiveCfg = Release|Any CPU
		{6B93A687-12FA-024C-4D96-2AA1FE52EE2C}.Release|x86.Build.0 = Release|Any CPU
		{9CC075BE-5429-8867-A8BF-4F8E17525805}.Debug|Any CPU.ActiveCfg = Debug|Any CPU
		{9CC075BE-5429-8867-A8BF-4F8E17525805}.Debug|Any CPU.Build.0 = Debug|Any CPU
		{9CC075BE-5429-8867-A8BF-4F8E17525805}.Debug|x64.ActiveCfg = Debug|Any CPU
		{9CC075BE-5429-8867-A8BF-4F8E17525805}.Debug|x64.Build.0 = Debug|Any CPU
		{9CC075BE-5429-8867-A8BF-4F8E17525805}.Debug|x86.ActiveCfg = Debug|Any CPU
		{9CC075BE-5429-8867-A8BF-4F8E17525805}.Debug|x86.Build.0 = Debug|Any CPU
		{9CC075BE-5429-8867-A8BF-4F8E17525805}.Release|Any CPU.ActiveCfg = Release|Any CPU
		{9CC075BE-5429-8867-A8BF-4F8E17525805}.Release|Any CPU.Build.0 = Release|Any CPU
		{9CC075BE-5429-8867-A8BF-4F8E17525805}.Release|x64.ActiveCfg = Release|Any CPU
		{9CC075BE-5429-8867-A8BF-4F8E17525805}.Release|x64.Build.0 = Release|Any CPU
		{9CC075BE-5429-8867-A8BF-4F8E17525805}.Release|x86.ActiveCfg = Release|Any CPU
		{9CC075BE-5429-8867-A8BF-4F8E17525805}.Release|x86.Build.0 = Release|Any CPU
		{08D7A837-7A01-A83E-DCCF-5A6F18B7A325}.Debug|Any CPU.ActiveCfg = Debug|Any CPU
		{08D7A837-7A01-A83E-DCCF-5A6F18B7A325}.Debug|Any CPU.Build.0 = Debug|Any CPU
		{08D7A837-7A01-A83E-DCCF-5A6F18B7A325}.Debug|x64.ActiveCfg = Debug|Any CPU
		{08D7A837-7A01-A83E-DCCF-5A6F18B7A325}.Debug|x64.Build.0 = Debug|Any CPU
		{08D7A837-7A01-A83E-DCCF-5A6F18B7A325}.Debug|x86.ActiveCfg = Debug|Any CPU
		{08D7A837-7A01-A83E-DCCF-5A6F18B7A325}.Debug|x86.Build.0 = Debug|Any CPU
		{08D7A837-7A01-A83E-DCCF-5A6F18B7A325}.Release|Any CPU.ActiveCfg = Release|Any CPU
		{08D7A837-7A01-A83E-DCCF-5A6F18B7A325}.Release|Any CPU.Build.0 = Release|Any CPU
		{08D7A837-7A01-A83E-DCCF-5A6F18B7A325}.Release|x64.ActiveCfg = Release|Any CPU
		{08D7A837-7A01-A83E-DCCF-5A6F18B7A325}.Release|x64.Build.0 = Release|Any CPU
		{08D7A837-7A01-A83E-DCCF-5A6F18B7A325}.Release|x86.ActiveCfg = Release|Any CPU
		{08D7A837-7A01-A83E-DCCF-5A6F18B7A325}.Release|x86.Build.0 = Release|Any CPU
		{7BC2D3C4-0DAE-D812-867D-B836E4F7B1FD}.Debug|Any CPU.ActiveCfg = Debug|Any CPU
		{7BC2D3C4-0DAE-D812-867D-B836E4F7B1FD}.Debug|Any CPU.Build.0 = Debug|Any CPU
		{7BC2D3C4-0DAE-D812-867D-B836E4F7B1FD}.Debug|x64.ActiveCfg = Debug|Any CPU
		{7BC2D3C4-0DAE-D812-867D-B836E4F7B1FD}.Debug|x64.Build.0 = Debug|Any CPU
		{7BC2D3C4-0DAE-D812-867D-B836E4F7B1FD}.Debug|x86.ActiveCfg = Debug|Any CPU
		{7BC2D3C4-0DAE-D812-867D-B836E4F7B1FD}.Debug|x86.Build.0 = Debug|Any CPU
		{7BC2D3C4-0DAE-D812-867D-B836E4F7B1FD}.Release|Any CPU.ActiveCfg = Release|Any CPU
		{7BC2D3C4-0DAE-D812-867D-B836E4F7B1FD}.Release|Any CPU.Build.0 = Release|Any CPU
		{7BC2D3C4-0DAE-D812-867D-B836E4F7B1FD}.Release|x64.ActiveCfg = Release|Any CPU
		{7BC2D3C4-0DAE-D812-867D-B836E4F7B1FD}.Release|x64.Build.0 = Release|Any CPU
		{7BC2D3C4-0DAE-D812-867D-B836E4F7B1FD}.Release|x86.ActiveCfg = Release|Any CPU
		{7BC2D3C4-0DAE-D812-867D-B836E4F7B1FD}.Release|x86.Build.0 = Release|Any CPU
		{2AEA9634-932F-D9BE-0180-C6A80B34979E}.Debug|Any CPU.ActiveCfg = Debug|Any CPU
		{2AEA9634-932F-D9BE-0180-C6A80B34979E}.Debug|Any CPU.Build.0 = Debug|Any CPU
		{2AEA9634-932F-D9BE-0180-C6A80B34979E}.Debug|x64.ActiveCfg = Debug|Any CPU
		{2AEA9634-932F-D9BE-0180-C6A80B34979E}.Debug|x64.Build.0 = Debug|Any CPU
		{2AEA9634-932F-D9BE-0180-C6A80B34979E}.Debug|x86.ActiveCfg = Debug|Any CPU
		{2AEA9634-932F-D9BE-0180-C6A80B34979E}.Debug|x86.Build.0 = Debug|Any CPU
		{2AEA9634-932F-D9BE-0180-C6A80B34979E}.Release|Any CPU.ActiveCfg = Release|Any CPU
		{2AEA9634-932F-D9BE-0180-C6A80B34979E}.Release|Any CPU.Build.0 = Release|Any CPU
		{2AEA9634-932F-D9BE-0180-C6A80B34979E}.Release|x64.ActiveCfg = Release|Any CPU
		{2AEA9634-932F-D9BE-0180-C6A80B34979E}.Release|x64.Build.0 = Release|Any CPU
		{2AEA9634-932F-D9BE-0180-C6A80B34979E}.Release|x86.ActiveCfg = Release|Any CPU
		{2AEA9634-932F-D9BE-0180-C6A80B34979E}.Release|x86.Build.0 = Release|Any CPU
		{B04E3315-FD7F-39A8-C4F8-28ACC5AEE2AC}.Debug|Any CPU.ActiveCfg = Debug|Any CPU
		{B04E3315-FD7F-39A8-C4F8-28ACC5AEE2AC}.Debug|Any CPU.Build.0 = Debug|Any CPU
		{B04E3315-FD7F-39A8-C4F8-28ACC5AEE2AC}.Debug|x64.ActiveCfg = Debug|Any CPU
		{B04E3315-FD7F-39A8-C4F8-28ACC5AEE2AC}.Debug|x64.Build.0 = Debug|Any CPU
		{B04E3315-FD7F-39A8-C4F8-28ACC5AEE2AC}.Debug|x86.ActiveCfg = Debug|Any CPU
		{B04E3315-FD7F-39A8-C4F8-28ACC5AEE2AC}.Debug|x86.Build.0 = Debug|Any CPU
		{B04E3315-FD7F-39A8-C4F8-28ACC5AEE2AC}.Release|Any CPU.ActiveCfg = Release|Any CPU
		{B04E3315-FD7F-39A8-C4F8-28ACC5AEE2AC}.Release|Any CPU.Build.0 = Release|Any CPU
		{B04E3315-FD7F-39A8-C4F8-28ACC5AEE2AC}.Release|x64.ActiveCfg = Release|Any CPU
		{B04E3315-FD7F-39A8-C4F8-28ACC5AEE2AC}.Release|x64.Build.0 = Release|Any CPU
		{B04E3315-FD7F-39A8-C4F8-28ACC5AEE2AC}.Release|x86.ActiveCfg = Release|Any CPU
		{B04E3315-FD7F-39A8-C4F8-28ACC5AEE2AC}.Release|x86.Build.0 = Release|Any CPU
		{ABA36C4A-18C0-9413-B8A1-EB238354018E}.Debug|Any CPU.ActiveCfg = Debug|Any CPU
		{ABA36C4A-18C0-9413-B8A1-EB238354018E}.Debug|Any CPU.Build.0 = Debug|Any CPU
		{ABA36C4A-18C0-9413-B8A1-EB238354018E}.Debug|x64.ActiveCfg = Debug|Any CPU
		{ABA36C4A-18C0-9413-B8A1-EB238354018E}.Debug|x64.Build.0 = Debug|Any CPU
		{ABA36C4A-18C0-9413-B8A1-EB238354018E}.Debug|x86.ActiveCfg = Debug|Any CPU
		{ABA36C4A-18C0-9413-B8A1-EB238354018E}.Debug|x86.Build.0 = Debug|Any CPU
		{ABA36C4A-18C0-9413-B8A1-EB238354018E}.Release|Any CPU.ActiveCfg = Release|Any CPU
		{ABA36C4A-18C0-9413-B8A1-EB238354018E}.Release|Any CPU.Build.0 = Release|Any CPU
		{ABA36C4A-18C0-9413-B8A1-EB238354018E}.Release|x64.ActiveCfg = Release|Any CPU
		{ABA36C4A-18C0-9413-B8A1-EB238354018E}.Release|x64.Build.0 = Release|Any CPU
		{ABA36C4A-18C0-9413-B8A1-EB238354018E}.Release|x86.ActiveCfg = Release|Any CPU
		{ABA36C4A-18C0-9413-B8A1-EB238354018E}.Release|x86.Build.0 = Release|Any CPU
		{A28654DC-A3D6-3BB4-0C9D-BF78787A2E00}.Debug|Any CPU.ActiveCfg = Debug|Any CPU
		{A28654DC-A3D6-3BB4-0C9D-BF78787A2E00}.Debug|Any CPU.Build.0 = Debug|Any CPU
		{A28654DC-A3D6-3BB4-0C9D-BF78787A2E00}.Debug|x64.ActiveCfg = Debug|Any CPU
		{A28654DC-A3D6-3BB4-0C9D-BF78787A2E00}.Debug|x64.Build.0 = Debug|Any CPU
		{A28654DC-A3D6-3BB4-0C9D-BF78787A2E00}.Debug|x86.ActiveCfg = Debug|Any CPU
		{A28654DC-A3D6-3BB4-0C9D-BF78787A2E00}.Debug|x86.Build.0 = Debug|Any CPU
		{A28654DC-A3D6-3BB4-0C9D-BF78787A2E00}.Release|Any CPU.ActiveCfg = Release|Any CPU
		{A28654DC-A3D6-3BB4-0C9D-BF78787A2E00}.Release|Any CPU.Build.0 = Release|Any CPU
		{A28654DC-A3D6-3BB4-0C9D-BF78787A2E00}.Release|x64.ActiveCfg = Release|Any CPU
		{A28654DC-A3D6-3BB4-0C9D-BF78787A2E00}.Release|x64.Build.0 = Release|Any CPU
		{A28654DC-A3D6-3BB4-0C9D-BF78787A2E00}.Release|x86.ActiveCfg = Release|Any CPU
		{A28654DC-A3D6-3BB4-0C9D-BF78787A2E00}.Release|x86.Build.0 = Release|Any CPU
		{849321E5-EC2E-5CF5-E2CE-B23361AF0DCB}.Debug|Any CPU.ActiveCfg = Debug|Any CPU
		{849321E5-EC2E-5CF5-E2CE-B23361AF0DCB}.Debug|Any CPU.Build.0 = Debug|Any CPU
		{849321E5-EC2E-5CF5-E2CE-B23361AF0DCB}.Debug|x64.ActiveCfg = Debug|Any CPU
		{849321E5-EC2E-5CF5-E2CE-B23361AF0DCB}.Debug|x64.Build.0 = Debug|Any CPU
		{849321E5-EC2E-5CF5-E2CE-B23361AF0DCB}.Debug|x86.ActiveCfg = Debug|Any CPU
		{849321E5-EC2E-5CF5-E2CE-B23361AF0DCB}.Debug|x86.Build.0 = Debug|Any CPU
		{849321E5-EC2E-5CF5-E2CE-B23361AF0DCB}.Release|Any CPU.ActiveCfg = Release|Any CPU
		{849321E5-EC2E-5CF5-E2CE-B23361AF0DCB}.Release|Any CPU.Build.0 = Release|Any CPU
		{849321E5-EC2E-5CF5-E2CE-B23361AF0DCB}.Release|x64.ActiveCfg = Release|Any CPU
		{849321E5-EC2E-5CF5-E2CE-B23361AF0DCB}.Release|x64.Build.0 = Release|Any CPU
		{849321E5-EC2E-5CF5-E2CE-B23361AF0DCB}.Release|x86.ActiveCfg = Release|Any CPU
		{849321E5-EC2E-5CF5-E2CE-B23361AF0DCB}.Release|x86.Build.0 = Release|Any CPU
		{C35A5E69-B174-DF45-6440-992ADD0D6158}.Debug|Any CPU.ActiveCfg = Debug|Any CPU
		{C35A5E69-B174-DF45-6440-992ADD0D6158}.Debug|Any CPU.Build.0 = Debug|Any CPU
		{C35A5E69-B174-DF45-6440-992ADD0D6158}.Debug|x64.ActiveCfg = Debug|Any CPU
		{C35A5E69-B174-DF45-6440-992ADD0D6158}.Debug|x64.Build.0 = Debug|Any CPU
		{C35A5E69-B174-DF45-6440-992ADD0D6158}.Debug|x86.ActiveCfg = Debug|Any CPU
		{C35A5E69-B174-DF45-6440-992ADD0D6158}.Debug|x86.Build.0 = Debug|Any CPU
		{C35A5E69-B174-DF45-6440-992ADD0D6158}.Release|Any CPU.ActiveCfg = Release|Any CPU
		{C35A5E69-B174-DF45-6440-992ADD0D6158}.Release|Any CPU.Build.0 = Release|Any CPU
		{C35A5E69-B174-DF45-6440-992ADD0D6158}.Release|x64.ActiveCfg = Release|Any CPU
		{C35A5E69-B174-DF45-6440-992ADD0D6158}.Release|x64.Build.0 = Release|Any CPU
		{C35A5E69-B174-DF45-6440-992ADD0D6158}.Release|x86.ActiveCfg = Release|Any CPU
		{C35A5E69-B174-DF45-6440-992ADD0D6158}.Release|x86.Build.0 = Release|Any CPU
		{94432B4D-F902-F14C-3D89-13E9A5404992}.Debug|Any CPU.ActiveCfg = Debug|Any CPU
		{94432B4D-F902-F14C-3D89-13E9A5404992}.Debug|Any CPU.Build.0 = Debug|Any CPU
		{94432B4D-F902-F14C-3D89-13E9A5404992}.Debug|x64.ActiveCfg = Debug|Any CPU
		{94432B4D-F902-F14C-3D89-13E9A5404992}.Debug|x64.Build.0 = Debug|Any CPU
		{94432B4D-F902-F14C-3D89-13E9A5404992}.Debug|x86.ActiveCfg = Debug|Any CPU
		{94432B4D-F902-F14C-3D89-13E9A5404992}.Debug|x86.Build.0 = Debug|Any CPU
		{94432B4D-F902-F14C-3D89-13E9A5404992}.Release|Any CPU.ActiveCfg = Release|Any CPU
		{94432B4D-F902-F14C-3D89-13E9A5404992}.Release|Any CPU.Build.0 = Release|Any CPU
		{94432B4D-F902-F14C-3D89-13E9A5404992}.Release|x64.ActiveCfg = Release|Any CPU
		{94432B4D-F902-F14C-3D89-13E9A5404992}.Release|x64.Build.0 = Release|Any CPU
		{94432B4D-F902-F14C-3D89-13E9A5404992}.Release|x86.ActiveCfg = Release|Any CPU
		{94432B4D-F902-F14C-3D89-13E9A5404992}.Release|x86.Build.0 = Release|Any CPU
		{7FA734AA-A810-F27C-0EC1-8B6F3173553B}.Debug|Any CPU.ActiveCfg = Debug|Any CPU
		{7FA734AA-A810-F27C-0EC1-8B6F3173553B}.Debug|Any CPU.Build.0 = Debug|Any CPU
		{7FA734AA-A810-F27C-0EC1-8B6F3173553B}.Debug|x64.ActiveCfg = Debug|Any CPU
		{7FA734AA-A810-F27C-0EC1-8B6F3173553B}.Debug|x64.Build.0 = Debug|Any CPU
		{7FA734AA-A810-F27C-0EC1-8B6F3173553B}.Debug|x86.ActiveCfg = Debug|Any CPU
		{7FA734AA-A810-F27C-0EC1-8B6F3173553B}.Debug|x86.Build.0 = Debug|Any CPU
		{7FA734AA-A810-F27C-0EC1-8B6F3173553B}.Release|Any CPU.ActiveCfg = Release|Any CPU
		{7FA734AA-A810-F27C-0EC1-8B6F3173553B}.Release|Any CPU.Build.0 = Release|Any CPU
		{7FA734AA-A810-F27C-0EC1-8B6F3173553B}.Release|x64.ActiveCfg = Release|Any CPU
		{7FA734AA-A810-F27C-0EC1-8B6F3173553B}.Release|x64.Build.0 = Release|Any CPU
		{7FA734AA-A810-F27C-0EC1-8B6F3173553B}.Release|x86.ActiveCfg = Release|Any CPU
		{7FA734AA-A810-F27C-0EC1-8B6F3173553B}.Release|x86.Build.0 = Release|Any CPU
		{90AB429A-CD7C-CCDB-2875-CF67A5C47B43}.Debug|Any CPU.ActiveCfg = Debug|Any CPU
		{90AB429A-CD7C-CCDB-2875-CF67A5C47B43}.Debug|Any CPU.Build.0 = Debug|Any CPU
		{90AB429A-CD7C-CCDB-2875-CF67A5C47B43}.Debug|x64.ActiveCfg = Debug|Any CPU
		{90AB429A-CD7C-CCDB-2875-CF67A5C47B43}.Debug|x64.Build.0 = Debug|Any CPU
		{90AB429A-CD7C-CCDB-2875-CF67A5C47B43}.Debug|x86.ActiveCfg = Debug|Any CPU
		{90AB429A-CD7C-CCDB-2875-CF67A5C47B43}.Debug|x86.Build.0 = Debug|Any CPU
		{90AB429A-CD7C-CCDB-2875-CF67A5C47B43}.Release|Any CPU.ActiveCfg = Release|Any CPU
		{90AB429A-CD7C-CCDB-2875-CF67A5C47B43}.Release|Any CPU.Build.0 = Release|Any CPU
		{90AB429A-CD7C-CCDB-2875-CF67A5C47B43}.Release|x64.ActiveCfg = Release|Any CPU
		{90AB429A-CD7C-CCDB-2875-CF67A5C47B43}.Release|x64.Build.0 = Release|Any CPU
		{90AB429A-CD7C-CCDB-2875-CF67A5C47B43}.Release|x86.ActiveCfg = Release|Any CPU
		{90AB429A-CD7C-CCDB-2875-CF67A5C47B43}.Release|x86.Build.0 = Release|Any CPU
		{5AFADB3B-2281-23E9-BFAA-23DEF416151F}.Debug|Any CPU.ActiveCfg = Debug|Any CPU
		{5AFADB3B-2281-23E9-BFAA-23DEF416151F}.Debug|Any CPU.Build.0 = Debug|Any CPU
		{5AFADB3B-2281-23E9-BFAA-23DEF416151F}.Debug|x64.ActiveCfg = Debug|Any CPU
		{5AFADB3B-2281-23E9-BFAA-23DEF416151F}.Debug|x64.Build.0 = Debug|Any CPU
		{5AFADB3B-2281-23E9-BFAA-23DEF416151F}.Debug|x86.ActiveCfg = Debug|Any CPU
		{5AFADB3B-2281-23E9-BFAA-23DEF416151F}.Debug|x86.Build.0 = Debug|Any CPU
		{5AFADB3B-2281-23E9-BFAA-23DEF416151F}.Release|Any CPU.ActiveCfg = Release|Any CPU
		{5AFADB3B-2281-23E9-BFAA-23DEF416151F}.Release|Any CPU.Build.0 = Release|Any CPU
		{5AFADB3B-2281-23E9-BFAA-23DEF416151F}.Release|x64.ActiveCfg = Release|Any CPU
		{5AFADB3B-2281-23E9-BFAA-23DEF416151F}.Release|x64.Build.0 = Release|Any CPU
		{5AFADB3B-2281-23E9-BFAA-23DEF416151F}.Release|x86.ActiveCfg = Release|Any CPU
		{5AFADB3B-2281-23E9-BFAA-23DEF416151F}.Release|x86.Build.0 = Release|Any CPU
		{2BD46CF1-3DA7-3BA2-1527-1CB585224AF1}.Debug|Any CPU.ActiveCfg = Debug|Any CPU
		{2BD46CF1-3DA7-3BA2-1527-1CB585224AF1}.Debug|Any CPU.Build.0 = Debug|Any CPU
		{2BD46CF1-3DA7-3BA2-1527-1CB585224AF1}.Debug|x64.ActiveCfg = Debug|Any CPU
		{2BD46CF1-3DA7-3BA2-1527-1CB585224AF1}.Debug|x64.Build.0 = Debug|Any CPU
		{2BD46CF1-3DA7-3BA2-1527-1CB585224AF1}.Debug|x86.ActiveCfg = Debug|Any CPU
		{2BD46CF1-3DA7-3BA2-1527-1CB585224AF1}.Debug|x86.Build.0 = Debug|Any CPU
		{2BD46CF1-3DA7-3BA2-1527-1CB585224AF1}.Release|Any CPU.ActiveCfg = Release|Any CPU
		{2BD46CF1-3DA7-3BA2-1527-1CB585224AF1}.Release|Any CPU.Build.0 = Release|Any CPU
		{2BD46CF1-3DA7-3BA2-1527-1CB585224AF1}.Release|x64.ActiveCfg = Release|Any CPU
		{2BD46CF1-3DA7-3BA2-1527-1CB585224AF1}.Release|x64.Build.0 = Release|Any CPU
		{2BD46CF1-3DA7-3BA2-1527-1CB585224AF1}.Release|x86.ActiveCfg = Release|Any CPU
		{2BD46CF1-3DA7-3BA2-1527-1CB585224AF1}.Release|x86.Build.0 = Release|Any CPU
		{6B011821-8C90-C4C0-F479-C48E9F6FF944}.Debug|Any CPU.ActiveCfg = Debug|Any CPU
		{6B011821-8C90-C4C0-F479-C48E9F6FF944}.Debug|Any CPU.Build.0 = Debug|Any CPU
		{6B011821-8C90-C4C0-F479-C48E9F6FF944}.Debug|x64.ActiveCfg = Debug|Any CPU
		{6B011821-8C90-C4C0-F479-C48E9F6FF944}.Debug|x64.Build.0 = Debug|Any CPU
		{6B011821-8C90-C4C0-F479-C48E9F6FF944}.Debug|x86.ActiveCfg = Debug|Any CPU
		{6B011821-8C90-C4C0-F479-C48E9F6FF944}.Debug|x86.Build.0 = Debug|Any CPU
		{6B011821-8C90-C4C0-F479-C48E9F6FF944}.Release|Any CPU.ActiveCfg = Release|Any CPU
		{6B011821-8C90-C4C0-F479-C48E9F6FF944}.Release|Any CPU.Build.0 = Release|Any CPU
		{6B011821-8C90-C4C0-F479-C48E9F6FF944}.Release|x64.ActiveCfg = Release|Any CPU
		{6B011821-8C90-C4C0-F479-C48E9F6FF944}.Release|x64.Build.0 = Release|Any CPU
		{6B011821-8C90-C4C0-F479-C48E9F6FF944}.Release|x86.ActiveCfg = Release|Any CPU
		{6B011821-8C90-C4C0-F479-C48E9F6FF944}.Release|x86.Build.0 = Release|Any CPU
		{82104083-9758-CED8-1369-9665AFDB0392}.Debug|Any CPU.ActiveCfg = Debug|Any CPU
		{82104083-9758-CED8-1369-9665AFDB0392}.Debug|Any CPU.Build.0 = Debug|Any CPU
		{82104083-9758-CED8-1369-9665AFDB0392}.Debug|x64.ActiveCfg = Debug|Any CPU
		{82104083-9758-CED8-1369-9665AFDB0392}.Debug|x64.Build.0 = Debug|Any CPU
		{82104083-9758-CED8-1369-9665AFDB0392}.Debug|x86.ActiveCfg = Debug|Any CPU
		{82104083-9758-CED8-1369-9665AFDB0392}.Debug|x86.Build.0 = Debug|Any CPU
		{82104083-9758-CED8-1369-9665AFDB0392}.Release|Any CPU.ActiveCfg = Release|Any CPU
		{82104083-9758-CED8-1369-9665AFDB0392}.Release|Any CPU.Build.0 = Release|Any CPU
		{82104083-9758-CED8-1369-9665AFDB0392}.Release|x64.ActiveCfg = Release|Any CPU
		{82104083-9758-CED8-1369-9665AFDB0392}.Release|x64.Build.0 = Release|Any CPU
		{82104083-9758-CED8-1369-9665AFDB0392}.Release|x86.ActiveCfg = Release|Any CPU
		{82104083-9758-CED8-1369-9665AFDB0392}.Release|x86.Build.0 = Release|Any CPU
		{0733C6FD-8A12-DE4A-17A7-0F05F3EFD56E}.Debug|Any CPU.ActiveCfg = Debug|Any CPU
		{0733C6FD-8A12-DE4A-17A7-0F05F3EFD56E}.Debug|Any CPU.Build.0 = Debug|Any CPU
		{0733C6FD-8A12-DE4A-17A7-0F05F3EFD56E}.Debug|x64.ActiveCfg = Debug|Any CPU
		{0733C6FD-8A12-DE4A-17A7-0F05F3EFD56E}.Debug|x64.Build.0 = Debug|Any CPU
		{0733C6FD-8A12-DE4A-17A7-0F05F3EFD56E}.Debug|x86.ActiveCfg = Debug|Any CPU
		{0733C6FD-8A12-DE4A-17A7-0F05F3EFD56E}.Debug|x86.Build.0 = Debug|Any CPU
		{0733C6FD-8A12-DE4A-17A7-0F05F3EFD56E}.Release|Any CPU.ActiveCfg = Release|Any CPU
		{0733C6FD-8A12-DE4A-17A7-0F05F3EFD56E}.Release|Any CPU.Build.0 = Release|Any CPU
		{0733C6FD-8A12-DE4A-17A7-0F05F3EFD56E}.Release|x64.ActiveCfg = Release|Any CPU
		{0733C6FD-8A12-DE4A-17A7-0F05F3EFD56E}.Release|x64.Build.0 = Release|Any CPU
		{0733C6FD-8A12-DE4A-17A7-0F05F3EFD56E}.Release|x86.ActiveCfg = Release|Any CPU
		{0733C6FD-8A12-DE4A-17A7-0F05F3EFD56E}.Release|x86.Build.0 = Release|Any CPU
		{CB9BF456-33DE-3376-FD6A-560EC66E9244}.Debug|Any CPU.ActiveCfg = Debug|Any CPU
		{CB9BF456-33DE-3376-FD6A-560EC66E9244}.Debug|Any CPU.Build.0 = Debug|Any CPU
		{CB9BF456-33DE-3376-FD6A-560EC66E9244}.Debug|x64.ActiveCfg = Debug|Any CPU
		{CB9BF456-33DE-3376-FD6A-560EC66E9244}.Debug|x64.Build.0 = Debug|Any CPU
		{CB9BF456-33DE-3376-FD6A-560EC66E9244}.Debug|x86.ActiveCfg = Debug|Any CPU
		{CB9BF456-33DE-3376-FD6A-560EC66E9244}.Debug|x86.Build.0 = Debug|Any CPU
		{CB9BF456-33DE-3376-FD6A-560EC66E9244}.Release|Any CPU.ActiveCfg = Release|Any CPU
		{CB9BF456-33DE-3376-FD6A-560EC66E9244}.Release|Any CPU.Build.0 = Release|Any CPU
		{CB9BF456-33DE-3376-FD6A-560EC66E9244}.Release|x64.ActiveCfg = Release|Any CPU
		{CB9BF456-33DE-3376-FD6A-560EC66E9244}.Release|x64.Build.0 = Release|Any CPU
		{CB9BF456-33DE-3376-FD6A-560EC66E9244}.Release|x86.ActiveCfg = Release|Any CPU
		{CB9BF456-33DE-3376-FD6A-560EC66E9244}.Release|x86.Build.0 = Release|Any CPU
		{C12D3887-D3EA-3663-3AC0-12FF3494441F}.Debug|Any CPU.ActiveCfg = Debug|Any CPU
		{C12D3887-D3EA-3663-3AC0-12FF3494441F}.Debug|Any CPU.Build.0 = Debug|Any CPU
		{C12D3887-D3EA-3663-3AC0-12FF3494441F}.Debug|x64.ActiveCfg = Debug|Any CPU
		{C12D3887-D3EA-3663-3AC0-12FF3494441F}.Debug|x64.Build.0 = Debug|Any CPU
		{C12D3887-D3EA-3663-3AC0-12FF3494441F}.Debug|x86.ActiveCfg = Debug|Any CPU
		{C12D3887-D3EA-3663-3AC0-12FF3494441F}.Debug|x86.Build.0 = Debug|Any CPU
		{C12D3887-D3EA-3663-3AC0-12FF3494441F}.Release|Any CPU.ActiveCfg = Release|Any CPU
		{C12D3887-D3EA-3663-3AC0-12FF3494441F}.Release|Any CPU.Build.0 = Release|Any CPU
		{C12D3887-D3EA-3663-3AC0-12FF3494441F}.Release|x64.ActiveCfg = Release|Any CPU
		{C12D3887-D3EA-3663-3AC0-12FF3494441F}.Release|x64.Build.0 = Release|Any CPU
		{C12D3887-D3EA-3663-3AC0-12FF3494441F}.Release|x86.ActiveCfg = Release|Any CPU
		{C12D3887-D3EA-3663-3AC0-12FF3494441F}.Release|x86.Build.0 = Release|Any CPU
		{521A2D84-6BD6-4E19-F10E-CA5A2DC647A1}.Debug|Any CPU.ActiveCfg = Debug|Any CPU
		{521A2D84-6BD6-4E19-F10E-CA5A2DC647A1}.Debug|Any CPU.Build.0 = Debug|Any CPU
		{521A2D84-6BD6-4E19-F10E-CA5A2DC647A1}.Debug|x64.ActiveCfg = Debug|Any CPU
		{521A2D84-6BD6-4E19-F10E-CA5A2DC647A1}.Debug|x64.Build.0 = Debug|Any CPU
		{521A2D84-6BD6-4E19-F10E-CA5A2DC647A1}.Debug|x86.ActiveCfg = Debug|Any CPU
		{521A2D84-6BD6-4E19-F10E-CA5A2DC647A1}.Debug|x86.Build.0 = Debug|Any CPU
		{521A2D84-6BD6-4E19-F10E-CA5A2DC647A1}.Release|Any CPU.ActiveCfg = Release|Any CPU
		{521A2D84-6BD6-4E19-F10E-CA5A2DC647A1}.Release|Any CPU.Build.0 = Release|Any CPU
		{521A2D84-6BD6-4E19-F10E-CA5A2DC647A1}.Release|x64.ActiveCfg = Release|Any CPU
		{521A2D84-6BD6-4E19-F10E-CA5A2DC647A1}.Release|x64.Build.0 = Release|Any CPU
		{521A2D84-6BD6-4E19-F10E-CA5A2DC647A1}.Release|x86.ActiveCfg = Release|Any CPU
		{521A2D84-6BD6-4E19-F10E-CA5A2DC647A1}.Release|x86.Build.0 = Release|Any CPU
		{2998D356-3BC9-C9AA-6156-DB04BDE5420E}.Debug|Any CPU.ActiveCfg = Debug|Any CPU
		{2998D356-3BC9-C9AA-6156-DB04BDE5420E}.Debug|Any CPU.Build.0 = Debug|Any CPU
		{2998D356-3BC9-C9AA-6156-DB04BDE5420E}.Debug|x64.ActiveCfg = Debug|Any CPU
		{2998D356-3BC9-C9AA-6156-DB04BDE5420E}.Debug|x64.Build.0 = Debug|Any CPU
		{2998D356-3BC9-C9AA-6156-DB04BDE5420E}.Debug|x86.ActiveCfg = Debug|Any CPU
		{2998D356-3BC9-C9AA-6156-DB04BDE5420E}.Debug|x86.Build.0 = Debug|Any CPU
		{2998D356-3BC9-C9AA-6156-DB04BDE5420E}.Release|Any CPU.ActiveCfg = Release|Any CPU
		{2998D356-3BC9-C9AA-6156-DB04BDE5420E}.Release|Any CPU.Build.0 = Release|Any CPU
		{2998D356-3BC9-C9AA-6156-DB04BDE5420E}.Release|x64.ActiveCfg = Release|Any CPU
		{2998D356-3BC9-C9AA-6156-DB04BDE5420E}.Release|x64.Build.0 = Release|Any CPU
		{2998D356-3BC9-C9AA-6156-DB04BDE5420E}.Release|x86.ActiveCfg = Release|Any CPU
		{2998D356-3BC9-C9AA-6156-DB04BDE5420E}.Release|x86.Build.0 = Release|Any CPU
		{66149225-2FDF-A711-C6C5-C934738C5E90}.Debug|Any CPU.ActiveCfg = Debug|Any CPU
		{66149225-2FDF-A711-C6C5-C934738C5E90}.Debug|Any CPU.Build.0 = Debug|Any CPU
		{66149225-2FDF-A711-C6C5-C934738C5E90}.Debug|x64.ActiveCfg = Debug|Any CPU
		{66149225-2FDF-A711-C6C5-C934738C5E90}.Debug|x64.Build.0 = Debug|Any CPU
		{66149225-2FDF-A711-C6C5-C934738C5E90}.Debug|x86.ActiveCfg = Debug|Any CPU
		{66149225-2FDF-A711-C6C5-C934738C5E90}.Debug|x86.Build.0 = Debug|Any CPU
		{66149225-2FDF-A711-C6C5-C934738C5E90}.Release|Any CPU.ActiveCfg = Release|Any CPU
		{66149225-2FDF-A711-C6C5-C934738C5E90}.Release|Any CPU.Build.0 = Release|Any CPU
		{66149225-2FDF-A711-C6C5-C934738C5E90}.Release|x64.ActiveCfg = Release|Any CPU
		{66149225-2FDF-A711-C6C5-C934738C5E90}.Release|x64.Build.0 = Release|Any CPU
		{66149225-2FDF-A711-C6C5-C934738C5E90}.Release|x86.ActiveCfg = Release|Any CPU
		{66149225-2FDF-A711-C6C5-C934738C5E90}.Release|x86.Build.0 = Release|Any CPU
		{B8E84033-6CFC-0A89-68F5-2752DFBE2A15}.Debug|Any CPU.ActiveCfg = Debug|Any CPU
		{B8E84033-6CFC-0A89-68F5-2752DFBE2A15}.Debug|Any CPU.Build.0 = Debug|Any CPU
		{B8E84033-6CFC-0A89-68F5-2752DFBE2A15}.Debug|x64.ActiveCfg = Debug|Any CPU
		{B8E84033-6CFC-0A89-68F5-2752DFBE2A15}.Debug|x64.Build.0 = Debug|Any CPU
		{B8E84033-6CFC-0A89-68F5-2752DFBE2A15}.Debug|x86.ActiveCfg = Debug|Any CPU
		{B8E84033-6CFC-0A89-68F5-2752DFBE2A15}.Debug|x86.Build.0 = Debug|Any CPU
		{B8E84033-6CFC-0A89-68F5-2752DFBE2A15}.Release|Any CPU.ActiveCfg = Release|Any CPU
		{B8E84033-6CFC-0A89-68F5-2752DFBE2A15}.Release|Any CPU.Build.0 = Release|Any CPU
		{B8E84033-6CFC-0A89-68F5-2752DFBE2A15}.Release|x64.ActiveCfg = Release|Any CPU
		{B8E84033-6CFC-0A89-68F5-2752DFBE2A15}.Release|x64.Build.0 = Release|Any CPU
		{B8E84033-6CFC-0A89-68F5-2752DFBE2A15}.Release|x86.ActiveCfg = Release|Any CPU
		{B8E84033-6CFC-0A89-68F5-2752DFBE2A15}.Release|x86.Build.0 = Release|Any CPU
		{8F1779F9-71DF-8C62-3DFE-3047D0250453}.Debug|Any CPU.ActiveCfg = Debug|Any CPU
		{8F1779F9-71DF-8C62-3DFE-3047D0250453}.Debug|Any CPU.Build.0 = Debug|Any CPU
		{8F1779F9-71DF-8C62-3DFE-3047D0250453}.Debug|x64.ActiveCfg = Debug|Any CPU
		{8F1779F9-71DF-8C62-3DFE-3047D0250453}.Debug|x64.Build.0 = Debug|Any CPU
		{8F1779F9-71DF-8C62-3DFE-3047D0250453}.Debug|x86.ActiveCfg = Debug|Any CPU
		{8F1779F9-71DF-8C62-3DFE-3047D0250453}.Debug|x86.Build.0 = Debug|Any CPU
		{8F1779F9-71DF-8C62-3DFE-3047D0250453}.Release|Any CPU.ActiveCfg = Release|Any CPU
		{8F1779F9-71DF-8C62-3DFE-3047D0250453}.Release|Any CPU.Build.0 = Release|Any CPU
		{8F1779F9-71DF-8C62-3DFE-3047D0250453}.Release|x64.ActiveCfg = Release|Any CPU
		{8F1779F9-71DF-8C62-3DFE-3047D0250453}.Release|x64.Build.0 = Release|Any CPU
		{8F1779F9-71DF-8C62-3DFE-3047D0250453}.Release|x86.ActiveCfg = Release|Any CPU
		{8F1779F9-71DF-8C62-3DFE-3047D0250453}.Release|x86.Build.0 = Release|Any CPU
		{667756F4-0796-BAEC-8363-5DC50A0DE698}.Debug|Any CPU.ActiveCfg = Debug|Any CPU
		{667756F4-0796-BAEC-8363-5DC50A0DE698}.Debug|Any CPU.Build.0 = Debug|Any CPU
		{667756F4-0796-BAEC-8363-5DC50A0DE698}.Debug|x64.ActiveCfg = Debug|Any CPU
		{667756F4-0796-BAEC-8363-5DC50A0DE698}.Debug|x64.Build.0 = Debug|Any CPU
		{667756F4-0796-BAEC-8363-5DC50A0DE698}.Debug|x86.ActiveCfg = Debug|Any CPU
		{667756F4-0796-BAEC-8363-5DC50A0DE698}.Debug|x86.Build.0 = Debug|Any CPU
		{667756F4-0796-BAEC-8363-5DC50A0DE698}.Release|Any CPU.ActiveCfg = Release|Any CPU
		{667756F4-0796-BAEC-8363-5DC50A0DE698}.Release|Any CPU.Build.0 = Release|Any CPU
		{667756F4-0796-BAEC-8363-5DC50A0DE698}.Release|x64.ActiveCfg = Release|Any CPU
		{667756F4-0796-BAEC-8363-5DC50A0DE698}.Release|x64.Build.0 = Release|Any CPU
		{667756F4-0796-BAEC-8363-5DC50A0DE698}.Release|x86.ActiveCfg = Release|Any CPU
		{667756F4-0796-BAEC-8363-5DC50A0DE698}.Release|x86.Build.0 = Release|Any CPU
		{BACDBDF3-647B-43D7-A1F4-0903F28BE832}.Debug|Any CPU.ActiveCfg = Debug|Any CPU
		{BACDBDF3-647B-43D7-A1F4-0903F28BE832}.Debug|Any CPU.Build.0 = Debug|Any CPU
		{BACDBDF3-647B-43D7-A1F4-0903F28BE832}.Debug|x64.ActiveCfg = Debug|Any CPU
		{BACDBDF3-647B-43D7-A1F4-0903F28BE832}.Debug|x64.Build.0 = Debug|Any CPU
		{BACDBDF3-647B-43D7-A1F4-0903F28BE832}.Debug|x86.ActiveCfg = Debug|Any CPU
		{BACDBDF3-647B-43D7-A1F4-0903F28BE832}.Debug|x86.Build.0 = Debug|Any CPU
		{BACDBDF3-647B-43D7-A1F4-0903F28BE832}.Release|Any CPU.ActiveCfg = Release|Any CPU
		{BACDBDF3-647B-43D7-A1F4-0903F28BE832}.Release|Any CPU.Build.0 = Release|Any CPU
		{BACDBDF3-647B-43D7-A1F4-0903F28BE832}.Release|x64.ActiveCfg = Release|Any CPU
		{BACDBDF3-647B-43D7-A1F4-0903F28BE832}.Release|x64.Build.0 = Release|Any CPU
		{BACDBDF3-647B-43D7-A1F4-0903F28BE832}.Release|x86.ActiveCfg = Release|Any CPU
		{BACDBDF3-647B-43D7-A1F4-0903F28BE832}.Release|x86.Build.0 = Release|Any CPU
		{42C3A7B2-1D8D-4FA5-9C9D-69933312236C}.Debug|Any CPU.ActiveCfg = Debug|Any CPU
		{42C3A7B2-1D8D-4FA5-9C9D-69933312236C}.Debug|Any CPU.Build.0 = Debug|Any CPU
		{42C3A7B2-1D8D-4FA5-9C9D-69933312236C}.Debug|x64.ActiveCfg = Debug|Any CPU
		{42C3A7B2-1D8D-4FA5-9C9D-69933312236C}.Debug|x64.Build.0 = Debug|Any CPU
		{42C3A7B2-1D8D-4FA5-9C9D-69933312236C}.Debug|x86.ActiveCfg = Debug|Any CPU
		{42C3A7B2-1D8D-4FA5-9C9D-69933312236C}.Debug|x86.Build.0 = Debug|Any CPU
		{42C3A7B2-1D8D-4FA5-9C9D-69933312236C}.Release|Any CPU.ActiveCfg = Release|Any CPU
		{42C3A7B2-1D8D-4FA5-9C9D-69933312236C}.Release|Any CPU.Build.0 = Release|Any CPU
		{42C3A7B2-1D8D-4FA5-9C9D-69933312236C}.Release|x64.ActiveCfg = Release|Any CPU
		{42C3A7B2-1D8D-4FA5-9C9D-69933312236C}.Release|x64.Build.0 = Release|Any CPU
		{42C3A7B2-1D8D-4FA5-9C9D-69933312236C}.Release|x86.ActiveCfg = Release|Any CPU
		{42C3A7B2-1D8D-4FA5-9C9D-69933312236C}.Release|x86.Build.0 = Release|Any CPU
		{CCBB7325-1683-47BC-B6A4-8E80012EC201}.Debug|Any CPU.ActiveCfg = Debug|Any CPU
		{CCBB7325-1683-47BC-B6A4-8E80012EC201}.Debug|Any CPU.Build.0 = Debug|Any CPU
		{CCBB7325-1683-47BC-B6A4-8E80012EC201}.Debug|x64.ActiveCfg = Debug|Any CPU
		{CCBB7325-1683-47BC-B6A4-8E80012EC201}.Debug|x64.Build.0 = Debug|Any CPU
		{CCBB7325-1683-47BC-B6A4-8E80012EC201}.Debug|x86.ActiveCfg = Debug|Any CPU
		{CCBB7325-1683-47BC-B6A4-8E80012EC201}.Debug|x86.Build.0 = Debug|Any CPU
		{CCBB7325-1683-47BC-B6A4-8E80012EC201}.Release|Any CPU.ActiveCfg = Release|Any CPU
		{CCBB7325-1683-47BC-B6A4-8E80012EC201}.Release|Any CPU.Build.0 = Release|Any CPU
		{CCBB7325-1683-47BC-B6A4-8E80012EC201}.Release|x64.ActiveCfg = Release|Any CPU
		{CCBB7325-1683-47BC-B6A4-8E80012EC201}.Release|x64.Build.0 = Release|Any CPU
		{CCBB7325-1683-47BC-B6A4-8E80012EC201}.Release|x86.ActiveCfg = Release|Any CPU
		{CCBB7325-1683-47BC-B6A4-8E80012EC201}.Release|x86.Build.0 = Release|Any CPU
	EndGlobalSection
	GlobalSection(SolutionProperties) = preSolution
		HideSolutionNode = FALSE
	EndGlobalSection
	GlobalSection(NestedProjects) = preSolution
		{2F1D2C81-763B-4C29-B9ED-24F75127A165} = {02EA681E-C7D8-13C7-8484-4AC65E1B71E8}
		{42FBC7B4-43C6-43F0-A341-2EDC7B34AACA} = {02EA681E-C7D8-13C7-8484-4AC65E1B71E8}
		{D3F6DE4C-9C87-459F-8035-2C53E21D7487} = {2F1D2C81-763B-4C29-B9ED-24F75127A165}
		{D766B7E5-20AE-4269-B36A-B1DA570EBADE} = {2F1D2C81-763B-4C29-B9ED-24F75127A165}
		{D613ACCD-CE1C-43CD-9FF6-20C942BA4503} = {42FBC7B4-43C6-43F0-A341-2EDC7B34AACA}
		{1AC57226-BF08-48C2-B238-66CDAC18874F} = {42FBC7B4-43C6-43F0-A341-2EDC7B34AACA}
		{539FB70A-F569-47B5-8D45-309D75322DC8} = {1AC57226-BF08-48C2-B238-66CDAC18874F}
		{FF0960B1-82AB-4E45-AFF8-B7EED98CF24C} = {D3F6DE4C-9C87-459F-8035-2C53E21D7487}
		{12345678-1234-1234-1234-123456789012} = {D766B7E5-20AE-4269-B36A-B1DA570EBADE}
		{E7F8A9B0-1122-3344-5566-778899AABBCC} = {D613ACCD-CE1C-43CD-9FF6-20C942BA4503}
		{23456789-2345-2345-2345-234567890123} = {E7F8A9B0-1122-3344-5566-778899AABBCC}
		{A69954E8-6C49-4091-BFF1-EFFCB0C14A99} = {D3F6DE4C-9C87-459F-8035-2C53E21D7487}
		{B67BAC26-7232-ADE6-6816-8803F753A1BF} = {D613ACCD-CE1C-43CD-9FF6-20C942BA4503}
		{CA3D98E8-9765-4E83-AFC2-CCD9DA713586} = {B67BAC26-7232-ADE6-6816-8803F753A1BF}
		{78F67BB0-04CB-4A99-8F09-66A8A4927867} = {D613ACCD-CE1C-43CD-9FF6-20C942BA4503}
		{AE3733CB-83EB-7342-C0CF-04FC4DBF8F24} = {78F67BB0-04CB-4A99-8F09-66A8A4927867}
		{A7C54B33-65D7-4094-95D4-0AACCD8206D2} = {D3F6DE4C-9C87-459F-8035-2C53E21D7487}
		{D4D9F1FD-6F85-4724-997A-E207998905A8} = {D3F6DE4C-9C87-459F-8035-2C53E21D7487}
		{3CF96610-67F1-4299-B6FD-A4EA99110A33} = {D3F6DE4C-9C87-459F-8035-2C53E21D7487}
		{2EC9D921-6F90-1F56-A9D1-FA126F79BE3A} = {A7C54B33-65D7-4094-95D4-0AACCD8206D2}
		{6B93A687-12FA-024C-4D96-2AA1FE52EE2C} = {D4D9F1FD-6F85-4724-997A-E207998905A8}
		{9CC075BE-5429-8867-A8BF-4F8E17525805} = {D4D9F1FD-6F85-4724-997A-E207998905A8}
		{08D7A837-7A01-A83E-DCCF-5A6F18B7A325} = {A7C54B33-65D7-4094-95D4-0AACCD8206D2}
		{7BC2D3C4-0DAE-D812-867D-B836E4F7B1FD} = {A7C54B33-65D7-4094-95D4-0AACCD8206D2}
		{2AEA9634-932F-D9BE-0180-C6A80B34979E} = {A7C54B33-65D7-4094-95D4-0AACCD8206D2}
		{B04E3315-FD7F-39A8-C4F8-28ACC5AEE2AC} = {A7C54B33-65D7-4094-95D4-0AACCD8206D2}
		{ABA36C4A-18C0-9413-B8A1-EB238354018E} = {A7C54B33-65D7-4094-95D4-0AACCD8206D2}
		{A28654DC-A3D6-3BB4-0C9D-BF78787A2E00} = {A7C54B33-65D7-4094-95D4-0AACCD8206D2}
		{849321E5-EC2E-5CF5-E2CE-B23361AF0DCB} = {A7C54B33-65D7-4094-95D4-0AACCD8206D2}
		{C35A5E69-B174-DF45-6440-992ADD0D6158} = {A7C54B33-65D7-4094-95D4-0AACCD8206D2}
		{94432B4D-F902-F14C-3D89-13E9A5404992} = {A69954E8-6C49-4091-BFF1-EFFCB0C14A99}
		{7FA734AA-A810-F27C-0EC1-8B6F3173553B} = {A69954E8-6C49-4091-BFF1-EFFCB0C14A99}
		{90AB429A-CD7C-CCDB-2875-CF67A5C47B43} = {A69954E8-6C49-4091-BFF1-EFFCB0C14A99}
		{5AFADB3B-2281-23E9-BFAA-23DEF416151F} = {A69954E8-6C49-4091-BFF1-EFFCB0C14A99}
		{2BD46CF1-3DA7-3BA2-1527-1CB585224AF1} = {A7C54B33-65D7-4094-95D4-0AACCD8206D2}
		{6B011821-8C90-C4C0-F479-C48E9F6FF944} = {A7C54B33-65D7-4094-95D4-0AACCD8206D2}
		{82104083-9758-CED8-1369-9665AFDB0392} = {A7C54B33-65D7-4094-95D4-0AACCD8206D2}
		{1069FF4D-55EA-4C17-9FB7-7960F2DF6E54} = {D3F6DE4C-9C87-459F-8035-2C53E21D7487}
		{0733C6FD-8A12-DE4A-17A7-0F05F3EFD56E} = {3CF96610-67F1-4299-B6FD-A4EA99110A33}
		{CB9BF456-33DE-3376-FD6A-560EC66E9244} = {1069FF4D-55EA-4C17-9FB7-7960F2DF6E54}
		{C12D3887-D3EA-3663-3AC0-12FF3494441F} = {1069FF4D-55EA-4C17-9FB7-7960F2DF6E54}
		{521A2D84-6BD6-4E19-F10E-CA5A2DC647A1} = {1069FF4D-55EA-4C17-9FB7-7960F2DF6E54}
		{2998D356-3BC9-C9AA-6156-DB04BDE5420E} = {1069FF4D-55EA-4C17-9FB7-7960F2DF6E54}
		{66149225-2FDF-A711-C6C5-C934738C5E90} = {1069FF4D-55EA-4C17-9FB7-7960F2DF6E54}
		{B8E84033-6CFC-0A89-68F5-2752DFBE2A15} = {3CF96610-67F1-4299-B6FD-A4EA99110A33}
		{8F1779F9-71DF-8C62-3DFE-3047D0250453} = {3CF96610-67F1-4299-B6FD-A4EA99110A33}
		{667756F4-0796-BAEC-8363-5DC50A0DE698} = {0AB3BF05-4346-4AA6-1389-037BE0695223}
		{0E7535A5-DFF2-4DCB-9534-FB888B85DA6E} = {D3F6DE4C-9C87-459F-8035-2C53E21D7487}
		{BACDBDF3-647B-43D7-A1F4-0903F28BE832} = {0E7535A5-DFF2-4DCB-9534-FB888B85DA6E}
		{42C3A7B2-1D8D-4FA5-9C9D-69933312236C} = {0E7535A5-DFF2-4DCB-9534-FB888B85DA6E}
		{CCBB7325-1683-47BC-B6A4-8E80012EC201} = {0E7535A5-DFF2-4DCB-9534-FB888B85DA6E}
	EndGlobalSection
	GlobalSection(ExtensibilityGlobals) = postSolution
		SolutionGuid = {8FBF3C05-AF8F-4030-B850-0CADDC17A55A}
	EndGlobalSection
EndGlobal
